
Microsoft Visual Studio Solution File, Format Version 12.00
# Visual Studio 2013
VisualStudioVersion = 12.0.30723.0
MinimumVisualStudioVersion = 10.0.40219.1
Project("{E24C65DC-7377-472B-9ABA-BC803B73C61A}") = "WebUITest", "http://localhost:29898", "{AB93B51F-A7E6-4408-94B8-00A1D3D61B6D}"
	ProjectSection(WebsiteProperties) = preProject
		UseIISExpress = "true"
		TargetFrameworkMoniker = ".NETFramework,Version%3Dv4.5"
		Debug.AspNetCompiler.VirtualPath = "/localhost_29898"
		Debug.AspNetCompiler.PhysicalPath = "F:\GIThubBauck\Test\WebUITest\"
		Debug.AspNetCompiler.TargetPath = "PrecompiledWeb\localhost_29898\"
		Debug.AspNetCompiler.Updateable = "true"
		Debug.AspNetCompiler.ForceOverwrite = "true"
		Debug.AspNetCompiler.FixedNames = "false"
		Debug.AspNetCompiler.Debug = "True"
		Release.AspNetCompiler.VirtualPath = "/localhost_29898"
		Release.AspNetCompiler.PhysicalPath = "F:\GIThubBauck\Test\WebUITest\"
		Release.AspNetCompiler.TargetPath = "PrecompiledWeb\localhost_29898\"
		Release.AspNetCompiler.Updateable = "true"
		Release.AspNetCompiler.ForceOverwrite = "true"
		Release.AspNetCompiler.FixedNames = "false"
		Release.AspNetCompiler.Debug = "False"
		SlnRelativePath = "F:\GIThubBauck\Test\WebUITest\"
	EndProjectSection
EndProject
Global
	GlobalSection(SolutionConfigurationPlatforms) = preSolution
		Debug|Any CPU = Debug|Any CPU
	EndGlobalSection
	GlobalSection(ProjectConfigurationPlatforms) = postSolution
		{AB93B51F-A7E6-4408-94B8-00A1D3D61B6D}.Debug|Any CPU.ActiveCfg = Debug|Any CPU
		{AB93B51F-A7E6-4408-94B8-00A1D3D61B6D}.Debug|Any CPU.Build.0 = Debug|Any CPU
	EndGlobalSection
	GlobalSection(SolutionProperties) = preSolution
		HideSolutionNode = FALSE
	EndGlobalSection
EndGlobal
